
Microsoft Visual Studio Solution File, Format Version 12.00
# Visual Studio Version 16
VisualStudioVersion = 16.0.29326.143
MinimumVisualStudioVersion = 10.0.40219.1
Project("{FAE04EC0-301F-11D3-BF4B-00C04F79EFBC}") = "BeezyTest.Api", "BeezyTest.Api\BeezyTest.Api.csproj", "{5B3C6E3A-4B3F-47C6-B3F7-F67AB7CFEAAA}"
EndProject
Global
	GlobalSection(SolutionConfigurationPlatforms) = preSolution
		Debug|Any CPU = Debug|Any CPU
		Release|Any CPU = Release|Any CPU
	EndGlobalSection
	GlobalSection(ProjectConfigurationPlatforms) = postSolution
		{5B3C6E3A-4B3F-47C6-B3F7-F67AB7CFEAAA}.Debug|Any CPU.ActiveCfg = Debug|Any CPU
		{5B3C6E3A-4B3F-47C6-B3F7-F67AB7CFEAAA}.Debug|Any CPU.Build.0 = Debug|Any CPU
		{5B3C6E3A-4B3F-47C6-B3F7-F67AB7CFEAAA}.Release|Any CPU.ActiveCfg = Release|Any CPU
		{5B3C6E3A-4B3F-47C6-B3F7-F67AB7CFEAAA}.Release|Any CPU.Build.0 = Release|Any CPU
	EndGlobalSection
	GlobalSection(SolutionProperties) = preSolution
		HideSolutionNode = FALSE
	EndGlobalSection
	GlobalSection(ExtensibilityGlobals) = postSolution
		SolutionGuid = {2729C9CD-8379-4A2D-A167-0CB7EE040312}
	EndGlobalSection
EndGlobal
